
Microsoft Visual Studio Solution File, Format Version 12.00
# Visual Studio Version 17
VisualStudioVersion = 17.10.34928.147
MinimumVisualStudioVersion = 10.0.40219.1
Project("{FAE04EC0-301F-11D3-BF4B-00C04F79EFBC}") = "Trabalho", "Trabalho.csproj", "{D8DC8716-51D5-49A7-9858-755C8C01EA22}"
EndProject
Global
	GlobalSection(SolutionConfigurationPlatforms) = preSolution
		Debug|Any CPU = Debug|Any CPU
		Release|Any CPU = Release|Any CPU
	EndGlobalSection
	GlobalSection(ProjectConfigurationPlatforms) = postSolution
		{D8DC8716-51D5-49A7-9858-755C8C01EA22}.Debug|Any CPU.ActiveCfg = Debug|Any CPU
		{D8DC8716-51D5-49A7-9858-755C8C01EA22}.Debug|Any CPU.Build.0 = Debug|Any CPU
		{D8DC8716-51D5-49A7-9858-755C8C01EA22}.Release|Any CPU.ActiveCfg = Release|Any CPU
		{D8DC8716-51D5-49A7-9858-755C8C01EA22}.Release|Any CPU.Build.0 = Release|Any CPU
	EndGlobalSection
	GlobalSection(SolutionProperties) = preSolution
		HideSolutionNode = FALSE
	EndGlobalSection
	GlobalSection(ExtensibilityGlobals) = postSolution
		SolutionGuid = {E99D97B8-39A0-40BF-A744-24A3476594A5}
	EndGlobalSection
EndGlobal
